
Microsoft Visual Studio Solution File, Format Version 12.00
# Visual Studio Version 17
VisualStudioVersion = 17.0.32014.148
MinimumVisualStudioVersion = 10.0.40219.1
Project("{FAE04EC0-301F-11D3-BF4B-00C04F79EFBC}") = "accountBook", "accountBook\accountBook.csproj", "{5A6A7361-1034-401C-B3A0-509FBBA21598}"
EndProject
Global
	GlobalSection(SolutionConfigurationPlatforms) = preSolution
		Debug|Any CPU = Debug|Any CPU
		Release|Any CPU = Release|Any CPU
	EndGlobalSection
	GlobalSection(ProjectConfigurationPlatforms) = postSolution
		{5A6A7361-1034-401C-B3A0-509FBBA21598}.Debug|Any CPU.ActiveCfg = Debug|Any CPU
		{5A6A7361-1034-401C-B3A0-509FBBA21598}.Debug|Any CPU.Build.0 = Debug|Any CPU
		{5A6A7361-1034-401C-B3A0-509FBBA21598}.Release|Any CPU.ActiveCfg = Release|Any CPU
		{5A6A7361-1034-401C-B3A0-509FBBA21598}.Release|Any CPU.Build.0 = Release|Any CPU
	EndGlobalSection
	GlobalSection(SolutionProperties) = preSolution
		HideSolutionNode = FALSE
	EndGlobalSection
	GlobalSection(ExtensibilityGlobals) = postSolution
		SolutionGuid = {2EC1C6C4-8DC4-4A08-AF64-DC45E715A5A9}
	EndGlobalSection
EndGlobal
